
Microsoft Visual Studio Solution File, Format Version 12.00
# Visual Studio Version 17
VisualStudioVersion = 17.8.34330.188
MinimumVisualStudioVersion = 10.0.40219.1
Project("{9A19103F-16F7-4668-BE54-9A1E7A4F7556}") = "ImageToText", "ImageToText\ImageToText.csproj", "{164E8961-2858-4F31-8D78-4457CA2C68DA}"
EndProject
Project("{FAE04EC0-301F-11D3-BF4B-00C04F79EFBC}") = "ImageToTextGUI", "ImageToTextGUI\ImageToTextGUI.csproj", "{D972DEAF-D695-43CC-AEC4-AF235879119A}"
EndProject
Global
	GlobalSection(SolutionConfigurationPlatforms) = preSolution
		Debug|Any CPU = Debug|Any CPU
		Release|Any CPU = Release|Any CPU
	EndGlobalSection
	GlobalSection(ProjectConfigurationPlatforms) = postSolution
		{164E8961-2858-4F31-8D78-4457CA2C68DA}.Debug|Any CPU.ActiveCfg = Debug|Any CPU
		{164E8961-2858-4F31-8D78-4457CA2C68DA}.Debug|Any CPU.Build.0 = Debug|Any CPU
		{164E8961-2858-4F31-8D78-4457CA2C68DA}.Release|Any CPU.ActiveCfg = Release|Any CPU
		{164E8961-2858-4F31-8D78-4457CA2C68DA}.Release|Any CPU.Build.0 = Release|Any CPU
		{D972DEAF-D695-43CC-AEC4-AF235879119A}.Debug|Any CPU.ActiveCfg = Debug|Any CPU
		{D972DEAF-D695-43CC-AEC4-AF235879119A}.Debug|Any CPU.Build.0 = Debug|Any CPU
		{D972DEAF-D695-43CC-AEC4-AF235879119A}.Release|Any CPU.ActiveCfg = Release|Any CPU
		{D972DEAF-D695-43CC-AEC4-AF235879119A}.Release|Any CPU.Build.0 = Release|Any CPU
	EndGlobalSection
	GlobalSection(SolutionProperties) = preSolution
		HideSolutionNode = FALSE
	EndGlobalSection
	GlobalSection(ExtensibilityGlobals) = postSolution
		SolutionGuid = {84F2A8C8-D0C5-4659-AADD-15E25E812C95}
	EndGlobalSection
EndGlobal
